
Microsoft Visual Studio Solution File, Format Version 12.00
# Visual Studio Version 16
VisualStudioVersion = 25.0.1706.13
MinimumVisualStudioVersion = 10.0.40219.1
Project("{FAE04EC0-301F-11D3-BF4B-00C04F79EFBC}") = "ProjectA", "ProjectA\ProjectA.csproj", "{9305499B-57F4-4F0B-AE63-F2327EFAED6C}"
EndProject
Global
	GlobalSection(SolutionConfigurationPlatforms) = preSolution
		Debug|Any CPU = Debug|Any CPU
		Release|Any CPU = Release|Any CPU
	EndGlobalSection
	GlobalSection(ProjectConfigurationPlatforms) = postSolution
		{9305499B-57F4-4F0B-AE63-F2327EFAED6C}.Debug|Any CPU.ActiveCfg = Debug|Any CPU
		{9305499B-57F4-4F0B-AE63-F2327EFAED6C}.Debug|Any CPU.Build.0 = Debug|Any CPU
		{9305499B-57F4-4F0B-AE63-F2327EFAED6C}.Release|Any CPU.ActiveCfg = Release|Any CPU
		{9305499B-57F4-4F0B-AE63-F2327EFAED6C}.Release|Any CPU.Build.0 = Release|Any CPU
	EndGlobalSection
	GlobalSection(SolutionProperties) = preSolution
		HideSolutionNode = FALSE
	EndGlobalSection
	GlobalSection(ExtensibilityGlobals) = postSolution
		SolutionGuid = {2497FC73-28A7-4EFA-92DA-1025C6C106A7}
	EndGlobalSection
EndGlobal
